{
  "version": 4,
  "terraform_version": "1.15.7",
  "serial": 234,
  "lineage": "6bde3a72-cb4f-c78a-02d2-6fd19af34ebd",
  "outputs": {
    "ansible_inventory_content": {
      "value": "[masters]\nmaster-01 ansible_host=192.168.56.10 ansible_user=devops\n\n[workers]\nworker-01 ansible_host=192.168.56.11 ansible_user=devops\nworker-02 ansible_host=192.168.56.12 ansible_user=devops\n\n[all:vars]\nansible_python_interpreter=/usr/bin/python3",
      "type": "string"
    },
    "ansible_inventory_file": {
      "value": "./inventory.ini",
      "type": "string"
    },
    "master_ip": {
      "value": "192.168.56.10",
      "type": "string"
    },
    "node_ips": {
      "value": {
        "master-01": "192.168.56.10",
        "worker-01": "192.168.56.11",
        "worker-02": "192.168.56.12"
      },
      "type": [
        "object",
        {
          "master-01": "string",
          "worker-01": "string",
          "worker-02": "string"
        }
      ]
    },
    "worker_ips": {
      "value": [
        "192.168.56.11",
        "192.168.56.12"
      ],
      "type": [
        "tuple",
        [
          "string",
          "string"
        ]
      ]
    }
  },
  "resources": [
    {
      "mode": "managed",
      "type": "libvirt_cloudinit_disk",
      "name": "init",
      "provider": "provider[\"registry.terraform.io/dmacvicar/libvirt\"]",
      "instances": [
        {
          "index_key": "master-01",
          "schema_version": 0,
          "attributes": {
            "id": "81b29f033a55f51e",
            "meta_data": "\"instance-id\": \"master-01\"\n\"local-hostname\": \"master-01\"\n",
            "name": "master-01-init.iso",
            "network_config": "version: 2\nethernets:\n  enp1s0:\n    dhcp4: false\n    addresses:\n      - 192.168.56.10/24\n    gateway4: 192.168.56.1\n    nameservers:\n      addresses:\n        - 1.1.1.1\n        - 8.8.8.8\n",
            "path": "/tmp/terraform-provider-libvirt-cloudinit/cloudinit-81b29f033a55f51e.iso",
            "size": 45056,
            "user_data": "#cloud-config\nhostname: master-01\nmanage_etc_hosts: true\n\nusers:\n  - name: devops\n    groups: [sudo]\n    shell: /bin/bash\n    sudo: ALL=(ALL) NOPASSWD:ALL\n    ssh_authorized_keys:\n      - ssh-ed25519 AAAAC3NzaC1lZDI1NTE5AAAAIKQsClAF/3G9EgdK92qrNRF44WY4M1/UlGVaqnp/FLuA gadour@gadour-LOQ-15IAX9\n\ngrowpart:\n  mode: auto\n  devices: [/]\n  ignore_growroot_disabled: false\n\nresizefs:\n  enabled: true\n\npackage_update: true\npackage_upgrade: false"
          },
          "sensitive_attributes": [],
          "identity_schema_version": 0
        },
        {
          "index_key": "worker-01",
          "schema_version": 0,
          "attributes": {
            "id": "387ce54a96f7269d",
            "meta_data": "\"instance-id\": \"worker-01\"\n\"local-hostname\": \"worker-01\"\n",
            "name": "worker-01-init.iso",
            "network_config": "version: 2\nethernets:\n  enp1s0:\n    dhcp4: false\n    addresses:\n      - 192.168.56.11/24\n    gateway4: 192.168.56.1\n    nameservers:\n      addresses:\n        - 1.1.1.1\n        - 8.8.8.8\n",
            "path": "/tmp/terraform-provider-libvirt-cloudinit/cloudinit-387ce54a96f7269d.iso",
            "size": 45056,
            "user_data": "#cloud-config\nhostname: worker-01\nmanage_etc_hosts: true\n\nusers:\n  - name: devops\n    groups: [sudo]\n    shell: /bin/bash\n    sudo: ALL=(ALL) NOPASSWD:ALL\n    ssh_authorized_keys:\n      - ssh-ed25519 AAAAC3NzaC1lZDI1NTE5AAAAIKQsClAF/3G9EgdK92qrNRF44WY4M1/UlGVaqnp/FLuA gadour@gadour-LOQ-15IAX9\n\ngrowpart:\n  mode: auto\n  devices: [/]\n  ignore_growroot_disabled: false\n\nresizefs:\n  enabled: true\n\npackage_update: true\npackage_upgrade: false"
          },
          "sensitive_attributes": [],
          "identity_schema_version": 0
        },
        {
          "index_key": "worker-02",
          "schema_version": 0,
          "attributes": {
            "id": "6c4220dc4ea74fba",
            "meta_data": "\"instance-id\": \"worker-02\"\n\"local-hostname\": \"worker-02\"\n",
            "name": "worker-02-init.iso",
            "network_config": "version: 2\nethernets:\n  enp1s0:\n    dhcp4: false\n    addresses:\n      - 192.168.56.12/24\n    gateway4: 192.168.56.1\n    nameservers:\n      addresses:\n        - 1.1.1.1\n        - 8.8.8.8\n",
            "path": "/tmp/terraform-provider-libvirt-cloudinit/cloudinit-6c4220dc4ea74fba.iso",
            "size": 45056,
            "user_data": "#cloud-config\nhostname: worker-02\nmanage_etc_hosts: true\n\nusers:\n  - name: devops\n    groups: [sudo]\n    shell: /bin/bash\n    sudo: ALL=(ALL) NOPASSWD:ALL\n    ssh_authorized_keys:\n      - ssh-ed25519 AAAAC3NzaC1lZDI1NTE5AAAAIKQsClAF/3G9EgdK92qrNRF44WY4M1/UlGVaqnp/FLuA gadour@gadour-LOQ-15IAX9\n\ngrowpart:\n  mode: auto\n  devices: [/]\n  ignore_growroot_disabled: false\n\nresizefs:\n  enabled: true\n\npackage_update: true\npackage_upgrade: false"
          },
          "sensitive_attributes": [],
          "identity_schema_version": 0
        }
      ]
    },
    {
      "mode": "managed",
      "type": "libvirt_domain",
      "name": "node",
      "provider": "provider[\"registry.terraform.io/dmacvicar/libvirt\"]",
      "instances": [
        {
          "index_key": "master-01",
          "schema_version": 0,
          "attributes": {
            "autostart": null,
            "bhyve_commandline": null,
            "block_io_tune": null,
            "bootloader": null,
            "bootloader_args": null,
            "clock": null,
            "cpu": null,
            "cpu_tune": null,
            "create": null,
            "current_memory": null,
            "current_memory_unit": null,
            "default_io_thread": null,
            "description": null,
            "destroy": null,
            "devices": {
              "audios": null,
              "channels": null,
              "consoles": [
                {
                  "acpi": null,
                  "address": null,
                  "alias": null,
                  "log": null,
                  "protocol": null,
                  "source": null,
                  "target": null,
                  "tty": null
                }
              ],
              "controllers": null,
              "crypto": null,
              "disks": [
                {
                  "acpi": null,
                  "address": null,
                  "alias": null,
                  "auth": null,
                  "backend_domain": null,
                  "backing_store": null,
                  "block_io": null,
                  "boot": null,
                  "device": null,
                  "driver": {
                    "ats": null,
                    "cache": null,
                    "copy_on_read": null,
                    "detect_zeros": null,
                    "discard": null,
                    "discard_no_unref": null,
                    "error_policy": null,
                    "event_idx": null,
                    "io": null,
                    "io_event_fd": null,
                    "io_thread": null,
                    "io_threads": null,
                    "iommu": null,
                    "metadata_cache": null,
                    "name": null,
                    "packed": null,
                    "page_per_vq": null,
                    "queue_size": null,
                    "queues": null,
                    "rerror_policy": null,
                    "type": "qcow2"
                  },
                  "encryption": null,
                  "geometry": null,
                  "io_tune": null,
                  "mirror": null,
                  "model": null,
                  "product": null,
                  "raw_io": null,
                  "read_only": null,
                  "serial": null,
                  "sgio": null,
                  "shareable": null,
                  "snapshot": null,
                  "source": {
                    "block": null,
                    "cookies": null,
                    "data_store": null,
                    "dir": null,
                    "encryption": null,
                    "file": null,
                    "index": null,
                    "network": null,
                    "nvme": null,
                    "readahead": null,
                    "reservations": null,
                    "slices": null,
                    "ssl": null,
                    "startup_policy": null,
                    "timeout": null,
                    "vhost_user": null,
                    "vhost_vdpa": null,
                    "volume": {
                      "mode": null,
                      "pool": "default",
                      "sec_label": null,
                      "volume": "master-01.qcow2"
                    }
                  },
                  "target": {
                    "bus": "virtio",
                    "dev": "vda",
                    "removable": null,
                    "rotation_rate": null,
                    "tray": null
                  },
                  "throttle_filters": null,
                  "transient": null,
                  "vendor": null,
                  "wwn": null
                },
                {
                  "acpi": null,
                  "address": null,
                  "alias": null,
                  "auth": null,
                  "backend_domain": null,
                  "backing_store": null,
                  "block_io": null,
                  "boot": null,
                  "device": "cdrom",
                  "driver": null,
                  "encryption": null,
                  "geometry": null,
                  "io_tune": null,
                  "mirror": null,
                  "model": null,
                  "product": null,
                  "raw_io": null,
                  "read_only": null,
                  "serial": null,
                  "sgio": null,
                  "shareable": null,
                  "snapshot": null,
                  "source": {
                    "block": null,
                    "cookies": null,
                    "data_store": null,
                    "dir": null,
                    "encryption": null,
                    "file": null,
                    "index": null,
                    "network": null,
                    "nvme": null,
                    "readahead": null,
                    "reservations": null,
                    "slices": null,
                    "ssl": null,
                    "startup_policy": null,
                    "timeout": null,
                    "vhost_user": null,
                    "vhost_vdpa": null,
                    "volume": {
                      "mode": null,
                      "pool": "default",
                      "sec_label": null,
                      "volume": "master-01-cloudinit.iso"
                    }
                  },
                  "target": {
                    "bus": "sata",
                    "dev": "sda",
                    "removable": null,
                    "rotation_rate": null,
                    "tray": null
                  },
                  "throttle_filters": null,
                  "transient": null,
                  "vendor": null,
                  "wwn": null
                }
              ],
              "emulator": null,
              "filesystems": null,
              "graphics": [
                {
                  "audio": null,
                  "dbus": null,
                  "desktop": null,
                  "egl_headless": null,
                  "rdp": null,
                  "sdl": null,
                  "spice": null,
                  "vnc": {
                    "auto_port": true,
                    "connected": null,
                    "keymap": null,
                    "listen": "127.0.0.1",
                    "listeners": null,
                    "passwd": null,
                    "passwd_valid_to": null,
                    "port": null,
                    "power_control": null,
                    "share_policy": null,
                    "socket": null,
                    "web_socket": null
                  }
                }
              ],
              "hostdevs": null,
              "hubs": null,
              "inputs": null,
              "interfaces": [
                {
                  "acpi": null,
                  "address": null,
                  "alias": null,
                  "backend": null,
                  "backend_domain": null,
                  "bandwidth": null,
                  "boot": null,
                  "coalesce": null,
                  "down_script": null,
                  "driver": null,
                  "filter_ref": null,
                  "guest": null,
                  "ip": null,
                  "link": null,
                  "mac": null,
                  "managed": null,
                  "model": {
                    "type": "virtio"
                  },
                  "mtu": null,
                  "port_forward": null,
                  "port_options": null,
                  "rom": null,
                  "route": null,
                  "script": null,
                  "source": {
                    "bridge": null,
                    "client": null,
                    "direct": null,
                    "ethernet": null,
                    "hostdev": null,
                    "internal": null,
                    "mcast": null,
                    "network": {
                      "bridge": null,
                      "network": "devops-platform-net",
                      "port_group": null,
                      "port_id": null
                    },
                    "null": null,
                    "server": null,
                    "udp": null,
                    "user": null,
                    "vdpa": null,
                    "vds": null,
                    "vhost_user": null
                  },
                  "target": null,
                  "teaming": null,
                  "trust_guest_rx_filters": null,
                  "tune": null,
                  "virtual_port": null,
                  "vlan": null,
                  "wait_for_ip": null
                }
              ],
              "iommu": null,
              "leases": null,
              "mem_balloon": null,
              "memorydevs": null,
              "nvram": null,
              "panics": null,
              "parallels": null,
              "pstore": null,
              "redir_devs": null,
              "redir_filters": null,
              "rngs": null,
              "serials": null,
              "shmems": null,
              "smartcards": null,
              "sounds": null,
              "tpms": null,
              "videos": null,
              "vsock": null,
              "watchdogs": null
            },
            "features": null,
            "gen_id": null,
            "hwuuid": null,
            "id": 14,
            "id_map": null,
            "io_thread_i_ds": null,
            "io_threads": null,
            "key_wrap": null,
            "launch_security": null,
            "lxc_namespace": null,
            "maximum_memory": null,
            "maximum_memory_slots": null,
            "maximum_memory_unit": null,
            "memory": 2048,
            "memory_backing": null,
            "memory_dump_core": null,
            "memory_tune": null,
            "memory_unit": "MiB",
            "metadata": null,
            "name": "master-01",
            "numa_tune": null,
            "on_crash": null,
            "on_poweroff": null,
            "on_reboot": null,
            "os": {
              "acpi": null,
              "bios": null,
              "boot_devices": null,
              "boot_menu": null,
              "cmdline": null,
              "dtb": null,
              "firmware": null,
              "firmware_info": null,
              "init": null,
              "init_args": null,
              "init_dir": null,
              "init_env": null,
              "init_group": null,
              "init_user": null,
              "initrd": null,
              "kernel": null,
              "loader": null,
              "loader_format": null,
              "loader_readonly": null,
              "loader_secure": null,
              "loader_stateless": null,
              "loader_type": null,
              "nv_ram": null,
              "shim": null,
              "sm_bios": null,
              "type": "hvm",
              "type_arch": "x86_64",
              "type_machine": "q35"
            },
            "perf": null,
            "pm": null,
            "qemu_capabilities": null,
            "qemu_commandline": null,
            "qemu_deprecation": null,
            "qemu_override": null,
            "resource": null,
            "running": true,
            "sec_label": null,
            "sys_info": null,
            "throttle_groups": null,
            "title": null,
            "type": "kvm",
            "update": null,
            "uuid": "f1f313ca-7d4e-4ac9-9da2-16d8e3fbc06d",
            "vcpu": 2,
            "vcpu_cpuset": null,
            "vcpu_current": null,
            "vcpu_placement": null,
            "vcpus": null,
            "vmware_data_center_path": null,
            "xen_commandline": null
          },
          "sensitive_attributes": [],
          "identity_schema_version": 0,
          "dependencies": [
            "libvirt_cloudinit_disk.init",
            "libvirt_network.platform",
            "libvirt_volume.cloudinit_iso",
            "libvirt_volume.node"
          ]
        },
        {
          "index_key": "worker-01",
          "schema_version": 0,
          "attributes": {
            "autostart": null,
            "bhyve_commandline": null,
            "block_io_tune": null,
            "bootloader": null,
            "bootloader_args": null,
            "clock": null,
            "cpu": null,
            "cpu_tune": null,
            "create": null,
            "current_memory": null,
            "current_memory_unit": null,
            "default_io_thread": null,
            "description": null,
            "destroy": null,
            "devices": {
              "audios": null,
              "channels": null,
              "consoles": [
                {
                  "acpi": null,
                  "address": null,
                  "alias": null,
                  "log": null,
                  "protocol": null,
                  "source": null,
                  "target": null,
                  "tty": null
                }
              ],
              "controllers": null,
              "crypto": null,
              "disks": [
                {
                  "acpi": null,
                  "address": null,
                  "alias": null,
                  "auth": null,
                  "backend_domain": null,
                  "backing_store": null,
                  "block_io": null,
                  "boot": null,
                  "device": null,
                  "driver": {
                    "ats": null,
                    "cache": null,
                    "copy_on_read": null,
                    "detect_zeros": null,
                    "discard": null,
                    "discard_no_unref": null,
                    "error_policy": null,
                    "event_idx": null,
                    "io": null,
                    "io_event_fd": null,
                    "io_thread": null,
                    "io_threads": null,
                    "iommu": null,
                    "metadata_cache": null,
                    "name": null,
                    "packed": null,
                    "page_per_vq": null,
                    "queue_size": null,
                    "queues": null,
                    "rerror_policy": null,
                    "type": "qcow2"
                  },
                  "encryption": null,
                  "geometry": null,
                  "io_tune": null,
                  "mirror": null,
                  "model": null,
                  "product": null,
                  "raw_io": null,
                  "read_only": null,
                  "serial": null,
                  "sgio": null,
                  "shareable": null,
                  "snapshot": null,
                  "source": {
                    "block": null,
                    "cookies": null,
                    "data_store": null,
                    "dir": null,
                    "encryption": null,
                    "file": null,
                    "index": null,
                    "network": null,
                    "nvme": null,
                    "readahead": null,
                    "reservations": null,
                    "slices": null,
                    "ssl": null,
                    "startup_policy": null,
                    "timeout": null,
                    "vhost_user": null,
                    "vhost_vdpa": null,
                    "volume": {
                      "mode": null,
                      "pool": "default",
                      "sec_label": null,
                      "volume": "worker-01.qcow2"
                    }
                  },
                  "target": {
                    "bus": "virtio",
                    "dev": "vda",
                    "removable": null,
                    "rotation_rate": null,
                    "tray": null
                  },
                  "throttle_filters": null,
                  "transient": null,
                  "vendor": null,
                  "wwn": null
                },
                {
                  "acpi": null,
                  "address": null,
                  "alias": null,
                  "auth": null,
                  "backend_domain": null,
                  "backing_store": null,
                  "block_io": null,
                  "boot": null,
                  "device": "cdrom",
                  "driver": null,
                  "encryption": null,
                  "geometry": null,
                  "io_tune": null,
                  "mirror": null,
                  "model": null,
                  "product": null,
                  "raw_io": null,
                  "read_only": null,
                  "serial": null,
                  "sgio": null,
                  "shareable": null,
                  "snapshot": null,
                  "source": {
                    "block": null,
                    "cookies": null,
                    "data_store": null,
                    "dir": null,
                    "encryption": null,
                    "file": null,
                    "index": null,
                    "network": null,
                    "nvme": null,
                    "readahead": null,
                    "reservations": null,
                    "slices": null,
                    "ssl": null,
                    "startup_policy": null,
                    "timeout": null,
                    "vhost_user": null,
                    "vhost_vdpa": null,
                    "volume": {
                      "mode": null,
                      "pool": "default",
                      "sec_label": null,
                      "volume": "worker-01-cloudinit.iso"
                    }
                  },
                  "target": {
                    "bus": "sata",
                    "dev": "sda",
                    "removable": null,
                    "rotation_rate": null,
                    "tray": null
                  },
                  "throttle_filters": null,
                  "transient": null,
                  "vendor": null,
                  "wwn": null
                }
              ],
              "emulator": null,
              "filesystems": null,
              "graphics": [
                {
                  "audio": null,
                  "dbus": null,
                  "desktop": null,
                  "egl_headless": null,
                  "rdp": null,
                  "sdl": null,
                  "spice": null,
                  "vnc": {
                    "auto_port": true,
                    "connected": null,
                    "keymap": null,
                    "listen": "127.0.0.1",
                    "listeners": null,
                    "passwd": null,
                    "passwd_valid_to": null,
                    "port": null,
                    "power_control": null,
                    "share_policy": null,
                    "socket": null,
                    "web_socket": null
                  }
                }
              ],
              "hostdevs": null,
              "hubs": null,
              "inputs": null,
              "interfaces": [
                {
                  "acpi": null,
                  "address": null,
                  "alias": null,
                  "backend": null,
                  "backend_domain": null,
                  "bandwidth": null,
                  "boot": null,
                  "coalesce": null,
                  "down_script": null,
                  "driver": null,
                  "filter_ref": null,
                  "guest": null,
                  "ip": null,
                  "link": null,
                  "mac": null,
                  "managed": null,
                  "model": {
                    "type": "virtio"
                  },
                  "mtu": null,
                  "port_forward": null,
                  "port_options": null,
                  "rom": null,
                  "route": null,
                  "script": null,
                  "source": {
                    "bridge": null,
                    "client": null,
                    "direct": null,
                    "ethernet": null,
                    "hostdev": null,
                    "internal": null,
                    "mcast": null,
                    "network": {
                      "bridge": null,
                      "network": "devops-platform-net",
                      "port_group": null,
                      "port_id": null
                    },
                    "null": null,
                    "server": null,
                    "udp": null,
                    "user": null,
                    "vdpa": null,
                    "vds": null,
                    "vhost_user": null
                  },
                  "target": null,
                  "teaming": null,
                  "trust_guest_rx_filters": null,
                  "tune": null,
                  "virtual_port": null,
                  "vlan": null,
                  "wait_for_ip": null
                }
              ],
              "iommu": null,
              "leases": null,
              "mem_balloon": null,
              "memorydevs": null,
              "nvram": null,
              "panics": null,
              "parallels": null,
              "pstore": null,
              "redir_devs": null,
              "redir_filters": null,
              "rngs": null,
              "serials": null,
              "shmems": null,
              "smartcards": null,
              "sounds": null,
              "tpms": null,
              "videos": null,
              "vsock": null,
              "watchdogs": null
            },
            "features": null,
            "gen_id": null,
            "hwuuid": null,
            "id": 13,
            "id_map": null,
            "io_thread_i_ds": null,
            "io_threads": null,
            "key_wrap": null,
            "launch_security": null,
            "lxc_namespace": null,
            "maximum_memory": null,
            "maximum_memory_slots": null,
            "maximum_memory_unit": null,
            "memory": 2048,
            "memory_backing": null,
            "memory_dump_core": null,
            "memory_tune": null,
            "memory_unit": "MiB",
            "metadata": null,
            "name": "worker-01",
            "numa_tune": null,
            "on_crash": null,
            "on_poweroff": null,
            "on_reboot": null,
            "os": {
              "acpi": null,
              "bios": null,
              "boot_devices": null,
              "boot_menu": null,
              "cmdline": null,
              "dtb": null,
              "firmware": null,
              "firmware_info": null,
              "init": null,
              "init_args": null,
              "init_dir": null,
              "init_env": null,
              "init_group": null,
              "init_user": null,
              "initrd": null,
              "kernel": null,
              "loader": null,
              "loader_format": null,
              "loader_readonly": null,
              "loader_secure": null,
              "loader_stateless": null,
              "loader_type": null,
              "nv_ram": null,
              "shim": null,
              "sm_bios": null,
              "type": "hvm",
              "type_arch": "x86_64",
              "type_machine": "q35"
            },
            "perf": null,
            "pm": null,
            "qemu_capabilities": null,
            "qemu_commandline": null,
            "qemu_deprecation": null,
            "qemu_override": null,
            "resource": null,
            "running": true,
            "sec_label": null,
            "sys_info": null,
            "throttle_groups": null,
            "title": null,
            "type": "kvm",
            "update": null,
            "uuid": "1273833a-876b-4ef6-8633-ddf674924c55",
            "vcpu": 2,
            "vcpu_cpuset": null,
            "vcpu_current": null,
            "vcpu_placement": null,
            "vcpus": null,
            "vmware_data_center_path": null,
            "xen_commandline": null
          },
          "sensitive_attributes": [],
          "identity_schema_version": 0,
          "dependencies": [
            "libvirt_cloudinit_disk.init",
            "libvirt_network.platform",
            "libvirt_volume.cloudinit_iso",
            "libvirt_volume.node"
          ]
        },
        {
          "index_key": "worker-02",
          "schema_version": 0,
          "attributes": {
            "autostart": null,
            "bhyve_commandline": null,
            "block_io_tune": null,
            "bootloader": null,
            "bootloader_args": null,
            "clock": null,
            "cpu": null,
            "cpu_tune": null,
            "create": null,
            "current_memory": null,
            "current_memory_unit": null,
            "default_io_thread": null,
            "description": null,
            "destroy": null,
            "devices": {
              "audios": null,
              "channels": null,
              "consoles": [
                {
                  "acpi": null,
                  "address": null,
                  "alias": null,
                  "log": null,
                  "protocol": null,
                  "source": null,
                  "target": null,
                  "tty": null
                }
              ],
              "controllers": null,
              "crypto": null,
              "disks": [
                {
                  "acpi": null,
                  "address": null,
                  "alias": null,
                  "auth": null,
                  "backend_domain": null,
                  "backing_store": null,
                  "block_io": null,
                  "boot": null,
                  "device": null,
                  "driver": {
                    "ats": null,
                    "cache": null,
                    "copy_on_read": null,
                    "detect_zeros": null,
                    "discard": null,
                    "discard_no_unref": null,
                    "error_policy": null,
                    "event_idx": null,
                    "io": null,
                    "io_event_fd": null,
                    "io_thread": null,
                    "io_threads": null,
                    "iommu": null,
                    "metadata_cache": null,
                    "name": null,
                    "packed": null,
                    "page_per_vq": null,
                    "queue_size": null,
                    "queues": null,
                    "rerror_policy": null,
                    "type": "qcow2"
                  },
                  "encryption": null,
                  "geometry": null,
                  "io_tune": null,
                  "mirror": null,
                  "model": null,
                  "product": null,
                  "raw_io": null,
                  "read_only": null,
                  "serial": null,
                  "sgio": null,
                  "shareable": null,
                  "snapshot": null,
                  "source": {
                    "block": null,
                    "cookies": null,
                    "data_store": null,
                    "dir": null,
                    "encryption": null,
                    "file": null,
                    "index": null,
                    "network": null,
                    "nvme": null,
                    "readahead": null,
                    "reservations": null,
                    "slices": null,
                    "ssl": null,
                    "startup_policy": null,
                    "timeout": null,
                    "vhost_user": null,
                    "vhost_vdpa": null,
                    "volume": {
                      "mode": null,
                      "pool": "default",
                      "sec_label": null,
                      "volume": "worker-02.qcow2"
                    }
                  },
                  "target": {
                    "bus": "virtio",
                    "dev": "vda",
                    "removable": null,
                    "rotation_rate": null,
                    "tray": null
                  },
                  "throttle_filters": null,
                  "transient": null,
                  "vendor": null,
                  "wwn": null
                },
                {
                  "acpi": null,
                  "address": null,
                  "alias": null,
                  "auth": null,
                  "backend_domain": null,
                  "backing_store": null,
                  "block_io": null,
                  "boot": null,
                  "device": "cdrom",
                  "driver": null,
                  "encryption": null,
                  "geometry": null,
                  "io_tune": null,
                  "mirror": null,
                  "model": null,
                  "product": null,
                  "raw_io": null,
                  "read_only": null,
                  "serial": null,
                  "sgio": null,
                  "shareable": null,
                  "snapshot": null,
                  "source": {
                    "block": null,
                    "cookies": null,
                    "data_store": null,
                    "dir": null,
                    "encryption": null,
                    "file": null,
                    "index": null,
                    "network": null,
                    "nvme": null,
                    "readahead": null,
                    "reservations": null,
                    "slices": null,
                    "ssl": null,
                    "startup_policy": null,
                    "timeout": null,
                    "vhost_user": null,
                    "vhost_vdpa": null,
                    "volume": {
                      "mode": null,
                      "pool": "default",
                      "sec_label": null,
                      "volume": "worker-02-cloudinit.iso"
                    }
                  },
                  "target": {
                    "bus": "sata",
                    "dev": "sda",
                    "removable": null,
                    "rotation_rate": null,
                    "tray": null
                  },
                  "throttle_filters": null,
                  "transient": null,
                  "vendor": null,
                  "wwn": null
                }
              ],
              "emulator": null,
              "filesystems": null,
              "graphics": [
                {
                  "audio": null,
                  "dbus": null,
                  "desktop": null,
                  "egl_headless": null,
                  "rdp": null,
                  "sdl": null,
                  "spice": null,
                  "vnc": {
                    "auto_port": true,
                    "connected": null,
                    "keymap": null,
                    "listen": "127.0.0.1",
                    "listeners": null,
                    "passwd": null,
                    "passwd_valid_to": null,
                    "port": null,
                    "power_control": null,
                    "share_policy": null,
                    "socket": null,
                    "web_socket": null
                  }
                }
              ],
              "hostdevs": null,
              "hubs": null,
              "inputs": null,
              "interfaces": [
                {
                  "acpi": null,
                  "address": null,
                  "alias": null,
                  "backend": null,
                  "backend_domain": null,
                  "bandwidth": null,
                  "boot": null,
                  "coalesce": null,
                  "down_script": null,
                  "driver": null,
                  "filter_ref": null,
                  "guest": null,
                  "ip": null,
                  "link": null,
                  "mac": null,
                  "managed": null,
                  "model": {
                    "type": "virtio"
                  },
                  "mtu": null,
                  "port_forward": null,
                  "port_options": null,
                  "rom": null,
                  "route": null,
                  "script": null,
                  "source": {
                    "bridge": null,
                    "client": null,
                    "direct": null,
                    "ethernet": null,
                    "hostdev": null,
                    "internal": null,
                    "mcast": null,
                    "network": {
                      "bridge": null,
                      "network": "devops-platform-net",
                      "port_group": null,
                      "port_id": null
                    },
                    "null": null,
                    "server": null,
                    "udp": null,
                    "user": null,
                    "vdpa": null,
                    "vds": null,
                    "vhost_user": null
                  },
                  "target": null,
                  "teaming": null,
                  "trust_guest_rx_filters": null,
                  "tune": null,
                  "virtual_port": null,
                  "vlan": null,
                  "wait_for_ip": null
                }
              ],
              "iommu": null,
              "leases": null,
              "mem_balloon": null,
              "memorydevs": null,
              "nvram": null,
              "panics": null,
              "parallels": null,
              "pstore": null,
              "redir_devs": null,
              "redir_filters": null,
              "rngs": null,
              "serials": null,
              "shmems": null,
              "smartcards": null,
              "sounds": null,
              "tpms": null,
              "videos": null,
              "vsock": null,
              "watchdogs": null
            },
            "features": null,
            "gen_id": null,
            "hwuuid": null,
            "id": 15,
            "id_map": null,
            "io_thread_i_ds": null,
            "io_threads": null,
            "key_wrap": null,
            "launch_security": null,
            "lxc_namespace": null,
            "maximum_memory": null,
            "maximum_memory_slots": null,
            "maximum_memory_unit": null,
            "memory": 2048,
            "memory_backing": null,
            "memory_dump_core": null,
            "memory_tune": null,
            "memory_unit": "MiB",
            "metadata": null,
            "name": "worker-02",
            "numa_tune": null,
            "on_crash": null,
            "on_poweroff": null,
            "on_reboot": null,
            "os": {
              "acpi": null,
              "bios": null,
              "boot_devices": null,
              "boot_menu": null,
              "cmdline": null,
              "dtb": null,
              "firmware": null,
              "firmware_info": null,
              "init": null,
              "init_args": null,
              "init_dir": null,
              "init_env": null,
              "init_group": null,
              "init_user": null,
              "initrd": null,
              "kernel": null,
              "loader": null,
              "loader_format": null,
              "loader_readonly": null,
              "loader_secure": null,
              "loader_stateless": null,
              "loader_type": null,
              "nv_ram": null,
              "shim": null,
              "sm_bios": null,
              "type": "hvm",
              "type_arch": "x86_64",
              "type_machine": "q35"
            },
            "perf": null,
            "pm": null,
            "qemu_capabilities": null,
            "qemu_commandline": null,
            "qemu_deprecation": null,
            "qemu_override": null,
            "resource": null,
            "running": true,
            "sec_label": null,
            "sys_info": null,
            "throttle_groups": null,
            "title": null,
            "type": "kvm",
            "update": null,
            "uuid": "b35c62a7-6598-4bd0-92d2-b7b48dfb193a",
            "vcpu": 2,
            "vcpu_cpuset": null,
            "vcpu_current": null,
            "vcpu_placement": null,
            "vcpus": null,
            "vmware_data_center_path": null,
            "xen_commandline": null
          },
          "sensitive_attributes": [],
          "identity_schema_version": 0,
          "dependencies": [
            "libvirt_cloudinit_disk.init",
            "libvirt_network.platform",
            "libvirt_volume.cloudinit_iso",
            "libvirt_volume.node"
          ]
        }
      ]
    },
    {
      "mode": "managed",
      "type": "libvirt_network",
      "name": "platform",
      "provider": "provider[\"registry.terraform.io/dmacvicar/libvirt\"]",
      "instances": [
        {
          "schema_version": 0,
          "attributes": {
            "autostart": false,
            "bandwidth": null,
            "bridge": null,
            "dns": {
              "enable": "yes",
              "forward_plain_names": null,
              "forwarders": [
                {
                  "addr": "1.1.1.1",
                  "domain": null
                },
                {
                  "addr": "8.8.8.8",
                  "domain": null
                }
              ],
              "host": null,
              "sr_vs": null,
              "tx_ts": null
            },
            "dnsmasq_options": null,
            "domain": {
              "local_only": "yes",
              "name": "devops.local"
            },
            "forward": {
              "addresses": null,
              "dev": null,
              "driver": null,
              "interfaces": null,
              "managed": null,
              "mode": "nat",
              "nat": null,
              "pfs": null
            },
            "id": "21c36e94-eff1-44b7-9261-f046fbb84069",
            "ips": [
              {
                "address": "192.168.56.1",
                "dhcp": {
                  "bootp": null,
                  "hosts": null,
                  "ranges": [
                    {
                      "end": "192.168.56.200",
                      "lease": null,
                      "start": "192.168.56.100"
                    }
                  ]
                },
                "family": null,
                "local_ptr": null,
                "netmask": "255.255.255.0",
                "prefix": null,
                "tftp": null
              }
            ],
            "ipv6": null,
            "mac": null,
            "metadata": null,
            "mtu": null,
            "name": "devops-platform-net",
            "port_groups": null,
            "port_options": null,
            "routes": null,
            "trust_guest_rx_filters": null,
            "uuid": "21c36e94-eff1-44b7-9261-f046fbb84069",
            "virtual_port": null,
            "vlan": null
          },
          "sensitive_attributes": [],
          "identity_schema_version": 0
        }
      ]
    },
    {
      "mode": "managed",
      "type": "libvirt_volume",
      "name": "base",
      "provider": "provider[\"registry.terraform.io/dmacvicar/libvirt\"]",
      "instances": [
        {
          "schema_version": 0,
          "attributes": {
            "allocation": 697024512,
            "allocation_unit": null,
            "backing_store": null,
            "capacity": 2361393152,
            "capacity_unit": null,
            "create": {
              "content": {
                "url": "/var/lib/libvirt/images/ubuntu-22.04-server-cloudimg-amd64.img"
              }
            },
            "id": "/var/lib/libvirt/images/ubuntu-base.qcow2",
            "key": "/var/lib/libvirt/images/ubuntu-base.qcow2",
            "name": "ubuntu-base.qcow2",
            "path": "/var/lib/libvirt/images/ubuntu-base.qcow2",
            "physical": 697016832,
            "physical_unit": null,
            "pool": "default",
            "target": {
              "cluster_size": null,
              "cluster_size_unit": null,
              "compat": null,
              "encryption": null,
              "features": null,
              "format": {
                "type": "qcow2"
              },
              "path": "/var/lib/libvirt/images/ubuntu-base.qcow2",
              "permissions": null,
              "timestamps": null
            },
            "type": null
          },
          "sensitive_attributes": [],
          "identity_schema_version": 0
        }
      ]
    },
    {
      "mode": "managed",
      "type": "libvirt_volume",
      "name": "cloudinit_iso",
      "provider": "provider[\"registry.terraform.io/dmacvicar/libvirt\"]",
      "instances": [
        {
          "index_key": "master-01",
          "schema_version": 0,
          "attributes": {
            "allocation": 45056,
            "allocation_unit": null,
            "backing_store": null,
            "capacity": 45056,
            "capacity_unit": null,
            "create": {
              "content": {
                "url": "/tmp/terraform-provider-libvirt-cloudinit/cloudinit-81b29f033a55f51e.iso"
              }
            },
            "id": "/var/lib/libvirt/images/master-01-cloudinit.iso",
            "key": "/var/lib/libvirt/images/master-01-cloudinit.iso",
            "name": "master-01-cloudinit.iso",
            "path": "/var/lib/libvirt/images/master-01-cloudinit.iso",
            "physical": 45056,
            "physical_unit": null,
            "pool": "default",
            "target": null,
            "type": null
          },
          "sensitive_attributes": [],
          "identity_schema_version": 0,
          "dependencies": [
            "libvirt_cloudinit_disk.init"
          ]
        },
        {
          "index_key": "worker-01",
          "schema_version": 0,
          "attributes": {
            "allocation": 45056,
            "allocation_unit": null,
            "backing_store": null,
            "capacity": 45056,
            "capacity_unit": null,
            "create": {
              "content": {
                "url": "/tmp/terraform-provider-libvirt-cloudinit/cloudinit-387ce54a96f7269d.iso"
              }
            },
            "id": "/var/lib/libvirt/images/worker-01-cloudinit.iso",
            "key": "/var/lib/libvirt/images/worker-01-cloudinit.iso",
            "name": "worker-01-cloudinit.iso",
            "path": "/var/lib/libvirt/images/worker-01-cloudinit.iso",
            "physical": 45056,
            "physical_unit": null,
            "pool": "default",
            "target": null,
            "type": null
          },
          "sensitive_attributes": [],
          "identity_schema_version": 0,
          "dependencies": [
            "libvirt_cloudinit_disk.init"
          ]
        },
        {
          "index_key": "worker-02",
          "schema_version": 0,
          "attributes": {
            "allocation": 45056,
            "allocation_unit": null,
            "backing_store": null,
            "capacity": 45056,
            "capacity_unit": null,
            "create": {
              "content": {
                "url": "/tmp/terraform-provider-libvirt-cloudinit/cloudinit-6c4220dc4ea74fba.iso"
              }
            },
            "id": "/var/lib/libvirt/images/worker-02-cloudinit.iso",
            "key": "/var/lib/libvirt/images/worker-02-cloudinit.iso",
            "name": "worker-02-cloudinit.iso",
            "path": "/var/lib/libvirt/images/worker-02-cloudinit.iso",
            "physical": 45056,
            "physical_unit": null,
            "pool": "default",
            "target": null,
            "type": null
          },
          "sensitive_attributes": [],
          "identity_schema_version": 0,
          "dependencies": [
            "libvirt_cloudinit_disk.init"
          ]
        }
      ]
    },
    {
      "mode": "managed",
      "type": "libvirt_volume",
      "name": "node",
      "provider": "provider[\"registry.terraform.io/dmacvicar/libvirt\"]",
      "instances": [
        {
          "index_key": "master-01",
          "schema_version": 0,
          "attributes": {
            "allocation": 697024512,
            "allocation_unit": null,
            "backing_store": null,
            "capacity": 21474836480,
            "capacity_unit": null,
            "create": {
              "content": {
                "url": "/var/lib/libvirt/images/ubuntu-22.04-server-cloudimg-amd64.img"
              }
            },
            "id": "/var/lib/libvirt/images/master-01.qcow2",
            "key": "/var/lib/libvirt/images/master-01.qcow2",
            "name": "master-01.qcow2",
            "path": "/var/lib/libvirt/images/master-01.qcow2",
            "physical": 697016832,
            "physical_unit": null,
            "pool": "default",
            "target": {
              "cluster_size": null,
              "cluster_size_unit": null,
              "compat": null,
              "encryption": null,
              "features": null,
              "format": {
                "type": "qcow2"
              },
              "path": "/var/lib/libvirt/images/master-01.qcow2",
              "permissions": {
                "group": "993",
                "label": null,
                "mode": "0600",
                "owner": "64055"
              },
              "timestamps": null
            },
            "type": null
          },
          "sensitive_attributes": [],
          "identity_schema_version": 0
        },
        {
          "index_key": "worker-01",
          "schema_version": 0,
          "attributes": {
            "allocation": 697024512,
            "allocation_unit": null,
            "backing_store": null,
            "capacity": 21474836480,
            "capacity_unit": null,
            "create": {
              "content": {
                "url": "/var/lib/libvirt/images/ubuntu-22.04-server-cloudimg-amd64.img"
              }
            },
            "id": "/var/lib/libvirt/images/worker-01.qcow2",
            "key": "/var/lib/libvirt/images/worker-01.qcow2",
            "name": "worker-01.qcow2",
            "path": "/var/lib/libvirt/images/worker-01.qcow2",
            "physical": 697016832,
            "physical_unit": null,
            "pool": "default",
            "target": {
              "cluster_size": null,
              "cluster_size_unit": null,
              "compat": null,
              "encryption": null,
              "features": null,
              "format": {
                "type": "qcow2"
              },
              "path": "/var/lib/libvirt/images/worker-01.qcow2",
              "permissions": {
                "group": "993",
                "label": null,
                "mode": "0600",
                "owner": "64055"
              },
              "timestamps": null
            },
            "type": null
          },
          "sensitive_attributes": [],
          "identity_schema_version": 0
        },
        {
          "index_key": "worker-02",
          "schema_version": 0,
          "attributes": {
            "allocation": 697024512,
            "allocation_unit": null,
            "backing_store": null,
            "capacity": 21474836480,
            "capacity_unit": null,
            "create": {
              "content": {
                "url": "/var/lib/libvirt/images/ubuntu-22.04-server-cloudimg-amd64.img"
              }
            },
            "id": "/var/lib/libvirt/images/worker-02.qcow2",
            "key": "/var/lib/libvirt/images/worker-02.qcow2",
            "name": "worker-02.qcow2",
            "path": "/var/lib/libvirt/images/worker-02.qcow2",
            "physical": 697016832,
            "physical_unit": null,
            "pool": "default",
            "target": {
              "cluster_size": null,
              "cluster_size_unit": null,
              "compat": null,
              "encryption": null,
              "features": null,
              "format": {
                "type": "qcow2"
              },
              "path": "/var/lib/libvirt/images/worker-02.qcow2",
              "permissions": {
                "group": "993",
                "label": null,
                "mode": "0600",
                "owner": "64055"
              },
              "timestamps": null
            },
            "type": null
          },
          "sensitive_attributes": [],
          "identity_schema_version": 0
        }
      ]
    },
    {
      "mode": "managed",
      "type": "local_file",
      "name": "ansible_inventory",
      "provider": "provider[\"registry.terraform.io/hashicorp/local\"]",
      "instances": [
        {
          "schema_version": 0,
          "attributes": {
            "content": "[masters]\nmaster-01 ansible_host=192.168.56.10 ansible_user=devops\n\n[workers]\nworker-01 ansible_host=192.168.56.11 ansible_user=devops\nworker-02 ansible_host=192.168.56.12 ansible_user=devops\n\n[all:vars]\nansible_python_interpreter=/usr/bin/python3",
            "content_base64": null,
            "content_base64sha256": "2UMClp3+lf/1b+wSJNj1irn4AZdpfFGUtmY2uRDWuXk=",
            "content_base64sha512": "DSV2fyT9nRQ0l8Ni1vsJ7o1qQz/ofiGR9DsTGIac8TCZQfOk86tbHziS3WiloSdHethTGJrGqS5DsL0+Qby5Ug==",
            "content_md5": "17ba1d5f10b036492477da3b9a1c40b7",
            "content_sha1": "4dc4d79a9a413e73ded8336b526ac525258deea5",
            "content_sha256": "d94302969dfe95fff56fec1224d8f58ab9f80197697c5194b66636b910d6b979",
            "content_sha512": "0d25767f24fd9d143497c362d6fb09ee8d6a433fe87e2191f43b1318869cf1309941f3a4f3ab5b1f3892dd68a5a127477ad853189ac6a92e43b0bd3e41bcb952",
            "directory_permission": "0777",
            "file_permission": "0777",
            "filename": "./inventory.ini",
            "id": "4dc4d79a9a413e73ded8336b526ac525258deea5",
            "sensitive_content": null,
            "source": null
          },
          "sensitive_attributes": [
            [
              {
                "type": "get_attr",
                "value": "sensitive_content"
              }
            ]
          ],
          "identity_schema_version": 0
        }
      ]
    },
    {
      "mode": "managed",
      "type": "terraform_data",
      "name": "ssh_key_guard",
      "provider": "provider[\"terraform.io/builtin/terraform\"]",
      "instances": [
        {
          "schema_version": 0,
          "attributes": {
            "id": "25d5953e-74c8-f821-a08f-ea1923ba9bfb",
            "input": {
              "value": "ssh-ed25519 AAAAC3NzaC1lZDI1NTE5AAAAIKQsClAF/3G9EgdK92qrNRF44WY4M1/UlGVaqnp/FLuA gadour@gadour-LOQ-15IAX9",
              "type": "string"
            },
            "output": {
              "value": "ssh-ed25519 AAAAC3NzaC1lZDI1NTE5AAAAIKQsClAF/3G9EgdK92qrNRF44WY4M1/UlGVaqnp/FLuA gadour@gadour-LOQ-15IAX9",
              "type": "string"
            },
            "triggers_replace": null
          },
          "sensitive_attributes": [],
          "identity_schema_version": 0
        }
      ]
    }
  ],
  "check_results": [
    {
      "object_kind": "resource",
      "config_addr": "terraform_data.ssh_key_guard",
      "status": "pass",
      "objects": [
        {
          "object_addr": "terraform_data.ssh_key_guard",
          "status": "pass"
        }
      ]
    }
  ]
}
